
Microsoft Visual Studio Solution File, Format Version 12.00
# Visual Studio Version 16
VisualStudioVersion = 16.6.30114.105
MinimumVisualStudioVersion = 10.0.40219.1
Project("{FAE04EC0-301F-11D3-BF4B-00C04F79EFBC}") = "API", "API\API.csproj", "{5354274B-0C0A-4C4F-B1A2-BFF3CC9063B0}"
EndProject
Project("{FAE04EC0-301F-11D3-BF4B-00C04F79EFBC}") = "Core", "Core\Core.csproj", "{E6F12CDB-C16B-439A-92AD-51F313A6F3BE}"
EndProject
Project("{FAE04EC0-301F-11D3-BF4B-00C04F79EFBC}") = "Infrastructure", "Infrastructure\Infrastructure.csproj", "{2B66A8C3-D7A1-4200-9352-DB28E9C2DD69}"
EndProject
Global
	GlobalSection(SolutionConfigurationPlatforms) = preSolution
		Debug|Any CPU = Debug|Any CPU
		Debug|x64 = Debug|x64
		Debug|x86 = Debug|x86
		Release|Any CPU = Release|Any CPU
		Release|x64 = Release|x64
		Release|x86 = Release|x86
	EndGlobalSection
	GlobalSection(SolutionProperties) = preSolution
		HideSolutionNode = FALSE
	EndGlobalSection
	GlobalSection(ProjectConfigurationPlatforms) = postSolution
		{5354274B-0C0A-4C4F-B1A2-BFF3CC9063B0}.Debug|Any CPU.ActiveCfg = Debug|Any CPU
		{5354274B-0C0A-4C4F-B1A2-BFF3CC9063B0}.Debug|Any CPU.Build.0 = Debug|Any CPU
		{5354274B-0C0A-4C4F-B1A2-BFF3CC9063B0}.Debug|x64.ActiveCfg = Debug|Any CPU
		{5354274B-0C0A-4C4F-B1A2-BFF3CC9063B0}.Debug|x64.Build.0 = Debug|Any CPU
		{5354274B-0C0A-4C4F-B1A2-BFF3CC9063B0}.Debug|x86.ActiveCfg = Debug|Any CPU
		{5354274B-0C0A-4C4F-B1A2-BFF3CC9063B0}.Debug|x86.Build.0 = Debug|Any CPU
		{5354274B-0C0A-4C4F-B1A2-BFF3CC9063B0}.Release|Any CPU.ActiveCfg = Release|Any CPU
		{5354274B-0C0A-4C4F-B1A2-BFF3CC9063B0}.Release|Any CPU.Build.0 = Release|Any CPU
		{5354274B-0C0A-4C4F-B1A2-BFF3CC9063B0}.Release|x64.ActiveCfg = Release|Any CPU
		{5354274B-0C0A-4C4F-B1A2-BFF3CC9063B0}.Release|x64.Build.0 = Release|Any CPU
		{5354274B-0C0A-4C4F-B1A2-BFF3CC9063B0}.Release|x86.ActiveCfg = Release|Any CPU
		{5354274B-0C0A-4C4F-B1A2-BFF3CC9063B0}.Release|x86.Build.0 = Release|Any CPU
		{E6F12CDB-C16B-439A-92AD-51F313A6F3BE}.Debug|Any CPU.ActiveCfg = Debug|Any CPU
		{E6F12CDB-C16B-439A-92AD-51F313A6F3BE}.Debug|Any CPU.Build.0 = Debug|Any CPU
		{E6F12CDB-C16B-439A-92AD-51F313A6F3BE}.Debug|x64.ActiveCfg = Debug|Any CPU
		{E6F12CDB-C16B-439A-92AD-51F313A6F3BE}.Debug|x64.Build.0 = Debug|Any CPU
		{E6F12CDB-C16B-439A-92AD-51F313A6F3BE}.Debug|x86.ActiveCfg = Debug|Any CPU
		{E6F12CDB-C16B-439A-92AD-51F313A6F3BE}.Debug|x86.Build.0 = Debug|Any CPU
		{E6F12CDB-C16B-439A-92AD-51F313A6F3BE}.Release|Any CPU.ActiveCfg = Release|Any CPU
		{E6F12CDB-C16B-439A-92AD-51F313A6F3BE}.Release|Any CPU.Build.0 = Release|Any CPU
		{E6F12CDB-C16B-439A-92AD-51F313A6F3BE}.Release|x64.ActiveCfg = Release|Any CPU
		{E6F12CDB-C16B-439A-92AD-51F313A6F3BE}.Release|x64.Build.0 = Release|Any CPU
		{E6F12CDB-C16B-439A-92AD-51F313A6F3BE}.Release|x86.ActiveCfg = Release|Any CPU
		{E6F12CDB-C16B-439A-92AD-51F313A6F3BE}.Release|x86.Build.0 = Release|Any CPU
		{2B66A8C3-D7A1-4200-9352-DB28E9C2DD69}.Debug|Any CPU.ActiveCfg = Debug|Any CPU
		{2B66A8C3-D7A1-4200-9352-DB28E9C2DD69}.Debug|Any CPU.Build.0 = Debug|Any CPU
		{2B66A8C3-D7A1-4200-9352-DB28E9C2DD69}.Debug|x64.ActiveCfg = Debug|Any CPU
		{2B66A8C3-D7A1-4200-9352-DB28E9C2DD69}.Debug|x64.Build.0 = Debug|Any CPU
		{2B66A8C3-D7A1-4200-9352-DB28E9C2DD69}.Debug|x86.ActiveCfg = Debug|Any CPU
		{2B66A8C3-D7A1-4200-9352-DB28E9C2DD69}.Debug|x86.Build.0 = Debug|Any CPU
		{2B66A8C3-D7A1-4200-9352-DB28E9C2DD69}.Release|Any CPU.ActiveCfg = Release|Any CPU
		{2B66A8C3-D7A1-4200-9352-DB28E9C2DD69}.Release|Any CPU.Build.0 = Release|Any CPU
		{2B66A8C3-D7A1-4200-9352-DB28E9C2DD69}.Release|x64.ActiveCfg = Release|Any CPU
		{2B66A8C3-D7A1-4200-9352-DB28E9C2DD69}.Release|x64.Build.0 = Release|Any CPU
		{2B66A8C3-D7A1-4200-9352-DB28E9C2DD69}.Release|x86.ActiveCfg = Release|Any CPU
		{2B66A8C3-D7A1-4200-9352-DB28E9C2DD69}.Release|x86.Build.0 = Release|Any CPU
	EndGlobalSection
EndGlobal
